
Microsoft Visual Studio Solution File, Format Version 12.00
# Visual Studio Version 17
VisualStudioVersion = 17.14.37516.0 d17.14
MinimumVisualStudioVersion = 10.0.40219.1
Project("{8BC9CEB8-8B4A-11D0-8D11-00A0C91BC942}") = "PreIT-5.2", "PreIT-5.2\PreIT-5.2.vcxproj", "{B4E1EDCE-9F5F-4BF6-8CBA-A55C9FE63119}"
EndProject
Global
	GlobalSection(SolutionConfigurationPlatforms) = preSolution
		Debug|x64 = Debug|x64
		Debug|x86 = Debug|x86
		Release|x64 = Release|x64
		Release|x86 = Release|x86
	EndGlobalSection
	GlobalSection(ProjectConfigurationPlatforms) = postSolution
		{B4E1EDCE-9F5F-4BF6-8CBA-A55C9FE63119}.Debug|x64.ActiveCfg = Debug|x64
		{B4E1EDCE-9F5F-4BF6-8CBA-A55C9FE63119}.Debug|x64.Build.0 = Debug|x64
		{B4E1EDCE-9F5F-4BF6-8CBA-A55C9FE63119}.Debug|x86.ActiveCfg = Debug|Win32
		{B4E1EDCE-9F5F-4BF6-8CBA-A55C9FE63119}.Debug|x86.Build.0 = Debug|Win32
		{B4E1EDCE-9F5F-4BF6-8CBA-A55C9FE63119}.Release|x64.ActiveCfg = Release|x64
		{B4E1EDCE-9F5F-4BF6-8CBA-A55C9FE63119}.Release|x64.Build.0 = Release|x64
		{B4E1EDCE-9F5F-4BF6-8CBA-A55C9FE63119}.Release|x86.ActiveCfg = Release|Win32
		{B4E1EDCE-9F5F-4BF6-8CBA-A55C9FE63119}.Release|x86.Build.0 = Release|Win32
	EndGlobalSection
	GlobalSection(SolutionProperties) = preSolution
		HideSolutionNode = FALSE
	EndGlobalSection
	GlobalSection(ExtensibilityGlobals) = postSolution
		SolutionGuid = {DF1F8284-0A8F-48A8-919E-FBFD19720502}
	EndGlobalSection
EndGlobal
