
Microsoft Visual Studio Solution File, Format Version 12.00
# Visual Studio Version 17
VisualStudioVersion = 17.14.36915.13 d17.14
MinimumVisualStudioVersion = 10.0.40219.1
Project("{8BC9CEB8-8B4A-11D0-8D11-00A0C91BC942}") = "7.13", "7.13\7.13.vcxproj", "{F3B48C3C-BD47-42E3-8CA1-865E0AF74600}"
EndProject
Global
	GlobalSection(SolutionConfigurationPlatforms) = preSolution
		Debug|x64 = Debug|x64
		Debug|x86 = Debug|x86
		Release|x64 = Release|x64
		Release|x86 = Release|x86
	EndGlobalSection
	GlobalSection(ProjectConfigurationPlatforms) = postSolution
		{F3B48C3C-BD47-42E3-8CA1-865E0AF74600}.Debug|x64.ActiveCfg = Debug|x64
		{F3B48C3C-BD47-42E3-8CA1-865E0AF74600}.Debug|x64.Build.0 = Debug|x64
		{F3B48C3C-BD47-42E3-8CA1-865E0AF74600}.Debug|x86.ActiveCfg = Debug|Win32
		{F3B48C3C-BD47-42E3-8CA1-865E0AF74600}.Debug|x86.Build.0 = Debug|Win32
		{F3B48C3C-BD47-42E3-8CA1-865E0AF74600}.Release|x64.ActiveCfg = Release|x64
		{F3B48C3C-BD47-42E3-8CA1-865E0AF74600}.Release|x64.Build.0 = Release|x64
		{F3B48C3C-BD47-42E3-8CA1-865E0AF74600}.Release|x86.ActiveCfg = Release|Win32
		{F3B48C3C-BD47-42E3-8CA1-865E0AF74600}.Release|x86.Build.0 = Release|Win32
	EndGlobalSection
	GlobalSection(SolutionProperties) = preSolution
		HideSolutionNode = FALSE
	EndGlobalSection
	GlobalSection(ExtensibilityGlobals) = postSolution
		SolutionGuid = {2EA1740E-1457-425A-A3DB-CB2992476C9D}
	EndGlobalSection
EndGlobal
