
Microsoft Visual Studio Solution File, Format Version 12.00
# Visual Studio Version 17
VisualStudioVersion = 17.14.36915.13 d17.14
MinimumVisualStudioVersion = 10.0.40219.1
Project("{8BC9CEB8-8B4A-11D0-8D11-00A0C91BC942}") = "11.6", "11.6\11.6.vcxproj", "{CFE79097-10CA-43FC-9F2F-B00981F1CC19}"
EndProject
Global
	GlobalSection(SolutionConfigurationPlatforms) = preSolution
		Debug|x64 = Debug|x64
		Debug|x86 = Debug|x86
		Release|x64 = Release|x64
		Release|x86 = Release|x86
	EndGlobalSection
	GlobalSection(ProjectConfigurationPlatforms) = postSolution
		{CFE79097-10CA-43FC-9F2F-B00981F1CC19}.Debug|x64.ActiveCfg = Debug|x64
		{CFE79097-10CA-43FC-9F2F-B00981F1CC19}.Debug|x64.Build.0 = Debug|x64
		{CFE79097-10CA-43FC-9F2F-B00981F1CC19}.Debug|x86.ActiveCfg = Debug|Win32
		{CFE79097-10CA-43FC-9F2F-B00981F1CC19}.Debug|x86.Build.0 = Debug|Win32
		{CFE79097-10CA-43FC-9F2F-B00981F1CC19}.Release|x64.ActiveCfg = Release|x64
		{CFE79097-10CA-43FC-9F2F-B00981F1CC19}.Release|x64.Build.0 = Release|x64
		{CFE79097-10CA-43FC-9F2F-B00981F1CC19}.Release|x86.ActiveCfg = Release|Win32
		{CFE79097-10CA-43FC-9F2F-B00981F1CC19}.Release|x86.Build.0 = Release|Win32
	EndGlobalSection
	GlobalSection(SolutionProperties) = preSolution
		HideSolutionNode = FALSE
	EndGlobalSection
	GlobalSection(ExtensibilityGlobals) = postSolution
		SolutionGuid = {C8DCB9DA-16D6-4A3F-969A-8B99140B20E0}
	EndGlobalSection
EndGlobal
