
Microsoft Visual Studio Solution File, Format Version 12.00
# Visual Studio Version 17
VisualStudioVersion = 17.14.37516.0 d17.14
MinimumVisualStudioVersion = 10.0.40219.1
Project("{8BC9CEB8-8B4A-11D0-8D11-00A0C91BC942}") = "10.3", "10.3\10.3.vcxproj", "{78A38E5C-11A3-486E-8232-88BD436F6106}"
EndProject
Global
	GlobalSection(SolutionConfigurationPlatforms) = preSolution
		Debug|x64 = Debug|x64
		Debug|x86 = Debug|x86
		Release|x64 = Release|x64
		Release|x86 = Release|x86
	EndGlobalSection
	GlobalSection(ProjectConfigurationPlatforms) = postSolution
		{78A38E5C-11A3-486E-8232-88BD436F6106}.Debug|x64.ActiveCfg = Debug|x64
		{78A38E5C-11A3-486E-8232-88BD436F6106}.Debug|x64.Build.0 = Debug|x64
		{78A38E5C-11A3-486E-8232-88BD436F6106}.Debug|x86.ActiveCfg = Debug|Win32
		{78A38E5C-11A3-486E-8232-88BD436F6106}.Debug|x86.Build.0 = Debug|Win32
		{78A38E5C-11A3-486E-8232-88BD436F6106}.Release|x64.ActiveCfg = Release|x64
		{78A38E5C-11A3-486E-8232-88BD436F6106}.Release|x64.Build.0 = Release|x64
		{78A38E5C-11A3-486E-8232-88BD436F6106}.Release|x86.ActiveCfg = Release|Win32
		{78A38E5C-11A3-486E-8232-88BD436F6106}.Release|x86.Build.0 = Release|Win32
	EndGlobalSection
	GlobalSection(SolutionProperties) = preSolution
		HideSolutionNode = FALSE
	EndGlobalSection
	GlobalSection(ExtensibilityGlobals) = postSolution
		SolutionGuid = {F5B05E35-D1BF-48BD-91E1-48BA5D8A3675}
	EndGlobalSection
EndGlobal
